{
  "projects": [
    {
      "projectId": "ohDidvG9XsCeFumugENU3J",
      "version": "4.2.0",
      "dependencies": {},
      "lang": "js",
      "fileLocks": [
        {
          "assetId": "ohDidvG9XsCeFumugENU3J",
          "type": "projectCss",
          "checksum": "fd83b730367fdbde2c69bc6cf31c2a3c"
        },
        {
          "assetId": "ohDidvG9XsCeFumugENU3J",
          "checksum": "8f45a75070e2f0edc34a4dc3d5f6b736",
          "type": "globalContexts"
        }
      ],
      "codegenVersion": "0.0.1"
    },
    {
      "projectId": "22U3ZXm4dE59qEW488gxzU",
      "version": "0.16.0",
      "dependencies": {},
      "lang": "js",
      "fileLocks": [
        {
          "assetId": "22U3ZXm4dE59qEW488gxzU",
          "type": "projectCss",
          "checksum": "378b46b2b5bf0308d8e810f8a369fe93"
        },
        {
          "assetId": "22U3ZXm4dE59qEW488gxzU",
          "checksum": "6841b93ead8782d589ba61e703f58b25",
          "type": "globalContexts"
        }
      ],
      "codegenVersion": "0.0.1"
    },
    {
      "projectId": "YUiM7yqBWAqsh8KSnrdj7",
      "version": "0.18.0",
      "dependencies": {},
      "lang": "js",
      "fileLocks": [
        {
          "assetId": "YUiM7yqBWAqsh8KSnrdj7",
          "type": "projectCss",
          "checksum": "dac72600b04b6e6a3014e82512a15fe1"
        }
      ],
      "codegenVersion": "0.0.1"
    },
    {
      "projectId": "7vKXJ6EAs24qnU9RSWqEKT",
      "version": "latest",
      "dependencies": {
        "YUiM7yqBWAqsh8KSnrdj7": "0.18.0",
        "22U3ZXm4dE59qEW488gxzU": "0.16.0",
        "ohDidvG9XsCeFumugENU3J": "4.2.0"
      },
      "lang": "js",
      "fileLocks": [
        {
          "type": "globalVariant",
          "assetId": "lDmf573KGE2IqB",
          "checksum": "1f4f7b43987baa54ca00aa6b9c3ea95d"
        },
        {
          "assetId": "7vKXJ6EAs24qnU9RSWqEKT",
          "type": "projectCss",
          "checksum": "54986f50e1206d015e4a661f2db969c4"
        },
        {
          "assetId": "7vKXJ6EAs24qnU9RSWqEKT",
          "checksum": "32977fa9bceb0a372da185ac4aa6ebe7",
          "type": "globalContexts"
        },
        {
          "type": "renderModule",
          "assetId": "zBsgndKnRSHLT",
          "checksum": "aaeb9bdeb8666b86cb947ecf4de07bce"
        },
        {
          "type": "cssRules",
          "assetId": "zBsgndKnRSHLT",
          "checksum": "aaeb9bdeb8666b86cb947ecf4de07bce"
        },
        {
          "type": "renderModule",
          "assetId": "Ea9T8Sa3YNHkAi",
          "checksum": "4bd50859d9322b9cfb5a9ddcf9e0a8b3"
        },
        {
          "type": "cssRules",
          "assetId": "Ea9T8Sa3YNHkAi",
          "checksum": "4bd50859d9322b9cfb5a9ddcf9e0a8b3"
        },
        {
          "type": "renderModule",
          "assetId": "YvpKSBd_Wd9XLy",
          "checksum": "e734865b68f99b26c3f8bc80e888c40d"
        },
        {
          "type": "cssRules",
          "assetId": "YvpKSBd_Wd9XLy",
          "checksum": "e734865b68f99b26c3f8bc80e888c40d"
        },
        {
          "type": "renderModule",
          "assetId": "-q4OmD4Jva-8lV",
          "checksum": "ea7eaf38f634937cb82fbaf1ff189989"
        },
        {
          "type": "cssRules",
          "assetId": "-q4OmD4Jva-8lV",
          "checksum": "ea7eaf38f634937cb82fbaf1ff189989"
        },
        {
          "type": "renderModule",
          "assetId": "Jmk80R8t4r16ek",
          "checksum": "7684d6a90ea3e07955422b19bcd56ba2"
        },
        {
          "type": "cssRules",
          "assetId": "Jmk80R8t4r16ek",
          "checksum": "7684d6a90ea3e07955422b19bcd56ba2"
        },
        {
          "type": "renderModule",
          "assetId": "kZPMQjK98yCWhc",
          "checksum": "a81801fcdf134667728f9400d0ed770b"
        },
        {
          "type": "cssRules",
          "assetId": "kZPMQjK98yCWhc",
          "checksum": "a81801fcdf134667728f9400d0ed770b"
        },
        {
          "type": "renderModule",
          "assetId": "1dNB0d53gYBxGU",
          "checksum": "52ec6d80ac30f662c4ab276a57b954b9"
        },
        {
          "type": "cssRules",
          "assetId": "1dNB0d53gYBxGU",
          "checksum": "52ec6d80ac30f662c4ab276a57b954b9"
        },
        {
          "type": "renderModule",
          "assetId": "m5GS24RyUMLJ2L",
          "checksum": "a7684d30d377f7fe4a7dfbb118be4099"
        },
        {
          "type": "cssRules",
          "assetId": "m5GS24RyUMLJ2L",
          "checksum": "a7684d30d377f7fe4a7dfbb118be4099"
        },
        {
          "type": "renderModule",
          "assetId": "3dK3yPpS5Fc6D6",
          "checksum": "9e80ba4b421b94a6ba0b4d2e2db619a9"
        },
        {
          "type": "cssRules",
          "assetId": "3dK3yPpS5Fc6D6",
          "checksum": "9e80ba4b421b94a6ba0b4d2e2db619a9"
        },
        {
          "type": "renderModule",
          "assetId": "kbUzikNgs5Kfom",
          "checksum": "937e2ebef08cd94f668ae2436a50113e"
        },
        {
          "type": "cssRules",
          "assetId": "kbUzikNgs5Kfom",
          "checksum": "937e2ebef08cd94f668ae2436a50113e"
        },
        {
          "type": "renderModule",
          "assetId": "GRG-v2eRjQtAz-",
          "checksum": "63cf2279286207f9eb611e69e3661798"
        },
        {
          "type": "cssRules",
          "assetId": "GRG-v2eRjQtAz-",
          "checksum": "63cf2279286207f9eb611e69e3661798"
        },
        {
          "type": "renderModule",
          "assetId": "ZadKrmwdLn1QGe",
          "checksum": "9be3639445c0a23636368888ec5e087d"
        },
        {
          "type": "cssRules",
          "assetId": "ZadKrmwdLn1QGe",
          "checksum": "9be3639445c0a23636368888ec5e087d"
        },
        {
          "type": "renderModule",
          "assetId": "NhIuk_aWBbPx-y",
          "checksum": "a41d45be06a3413e1b7c26cb6efeca4c"
        },
        {
          "type": "cssRules",
          "assetId": "NhIuk_aWBbPx-y",
          "checksum": "a41d45be06a3413e1b7c26cb6efeca4c"
        },
        {
          "type": "renderModule",
          "assetId": "Ox4yvk8zsFH52W",
          "checksum": "51c5c07b88291ad5dd21a2f6368974fd"
        },
        {
          "type": "cssRules",
          "assetId": "Ox4yvk8zsFH52W",
          "checksum": "51c5c07b88291ad5dd21a2f6368974fd"
        },
        {
          "type": "renderModule",
          "assetId": "B_60EpE_i_IrK7",
          "checksum": "d1547bf10287a66db5e5722bf1b51b8c"
        },
        {
          "type": "cssRules",
          "assetId": "B_60EpE_i_IrK7",
          "checksum": "d1547bf10287a66db5e5722bf1b51b8c"
        },
        {
          "type": "renderModule",
          "assetId": "1P10ddf3d-m0sI",
          "checksum": "f74481bc8808a5ca2b994c0ffe1c060a"
        },
        {
          "type": "cssRules",
          "assetId": "1P10ddf3d-m0sI",
          "checksum": "f74481bc8808a5ca2b994c0ffe1c060a"
        },
        {
          "type": "renderModule",
          "assetId": "YtUjWPV1wjixbx",
          "checksum": "0240fadb65ca02790f4f49c3b78b7a20"
        },
        {
          "type": "cssRules",
          "assetId": "YtUjWPV1wjixbx",
          "checksum": "0240fadb65ca02790f4f49c3b78b7a20"
        },
        {
          "type": "renderModule",
          "assetId": "prrlhFbA87iXNi",
          "checksum": "ef1543d7c82cb3e5f22096cd7de94b5a"
        },
        {
          "type": "cssRules",
          "assetId": "prrlhFbA87iXNi",
          "checksum": "ef1543d7c82cb3e5f22096cd7de94b5a"
        },
        {
          "type": "renderModule",
          "assetId": "XxGq0OgzvW6MKp",
          "checksum": "7fe925d84684a45b60e8071470b7563c"
        },
        {
          "type": "cssRules",
          "assetId": "XxGq0OgzvW6MKp",
          "checksum": "7fe925d84684a45b60e8071470b7563c"
        },
        {
          "type": "renderModule",
          "assetId": "g6Xawp4yG6LoVO",
          "checksum": "81882605fa88386c972e224b7e337b49"
        },
        {
          "type": "cssRules",
          "assetId": "g6Xawp4yG6LoVO",
          "checksum": "81882605fa88386c972e224b7e337b49"
        },
        {
          "type": "renderModule",
          "assetId": "sIn1pwcMDoJg4k",
          "checksum": "e3d78fb4e32a2a97b3a7d59bc9524293"
        },
        {
          "type": "cssRules",
          "assetId": "sIn1pwcMDoJg4k",
          "checksum": "e3d78fb4e32a2a97b3a7d59bc9524293"
        },
        {
          "type": "renderModule",
          "assetId": "T_aC8MNDFMn1dc",
          "checksum": "ce56124c610cf25f1f3c11ffa5372d9f"
        },
        {
          "type": "cssRules",
          "assetId": "T_aC8MNDFMn1dc",
          "checksum": "ce56124c610cf25f1f3c11ffa5372d9f"
        },
        {
          "type": "icon",
          "assetId": "wRBFuX7n4vbOQD",
          "checksum": "49b5cc76dca997a1c6709947c0eac7c2"
        },
        {
          "type": "icon",
          "assetId": "kStI5rEZ3BeTWO",
          "checksum": "195a5c3cc6ff740b82305b71dbf60f23"
        },
        {
          "type": "icon",
          "assetId": "gr_SrAPYITiqiE",
          "checksum": "13bdb6eb227e170fe13936757877dffc"
        },
        {
          "type": "icon",
          "assetId": "Ogzp7R9W5ET3qs",
          "checksum": "61dcae69f42981089a82adb2daa574c4"
        },
        {
          "type": "icon",
          "assetId": "mWgFgPJyDqV7u2",
          "checksum": "25739a637d5a27e03247474fcd2941a7"
        },
        {
          "type": "icon",
          "assetId": "ZnDh5JA_TnR6DC",
          "checksum": "79664914c73f7255c9582e81759e7fc9"
        },
        {
          "type": "icon",
          "assetId": "D67GLiwwFzZ5mz",
          "checksum": "ac5332d9487f0d59118a226dedb713fc"
        },
        {
          "type": "icon",
          "assetId": "gwjcSz4Xyf1n-h",
          "checksum": "3f594887d7d317e567b94981db2cea6a"
        },
        {
          "type": "icon",
          "assetId": "Pqgrb6Gq8dQU2d",
          "checksum": "adfa7a27885ef86aadd0838f4d7358b4"
        },
        {
          "type": "icon",
          "assetId": "uE7K7GhNhsPkMq",
          "checksum": "896f4fb7c44f39d80331f02bc44025fc"
        },
        {
          "type": "icon",
          "assetId": "V0vazdoZOhhhBG",
          "checksum": "18dc8cc71e46c8f39eedc7adca391ab9"
        },
        {
          "type": "icon",
          "assetId": "NcqVdLy5PYV-DR",
          "checksum": "bd0df273cc673546bb1665d00f237f09"
        },
        {
          "type": "icon",
          "assetId": "8mVhgDwdGYGNoE",
          "checksum": "4ee76f96d51324a86d91008c66ad95b6"
        },
        {
          "type": "icon",
          "assetId": "CqFTW14JL3Q8gf",
          "checksum": "c9e9667cde5e0ce6494f3b3736395801"
        },
        {
          "type": "icon",
          "assetId": "WjqWC9z9zCEsaS",
          "checksum": "cf141e2eb3338894c81b47a17610bd5c"
        },
        {
          "type": "icon",
          "assetId": "LK-Y63IAcFqfF1",
          "checksum": "fcce1bade9b54280695148ec5aded9e4"
        },
        {
          "type": "icon",
          "assetId": "I6nVRmRUMNc1yM",
          "checksum": "4cf3fc228059c58d2fe89735120132d4"
        },
        {
          "type": "icon",
          "assetId": "2ZjhaO4H4PKyJa",
          "checksum": "d41fe3fd5127e35f181741e5c3b11640"
        },
        {
          "type": "icon",
          "assetId": "fsFkYKcp2Qm-OA",
          "checksum": "a262b8b1c19ce97e946555304cc1e036"
        },
        {
          "type": "icon",
          "assetId": "nj3RWolHym8UXT",
          "checksum": "ec70494df12deaedbdade4bfbab6d4bb"
        },
        {
          "type": "icon",
          "assetId": "5hruLLJao7T00K",
          "checksum": "2569a2b96f2ce042ad17594b6f50d810"
        },
        {
          "type": "icon",
          "assetId": "Edh9gFJlg4EQjzD",
          "checksum": "fbc22915ba63dcdf0eb97f47e0705311"
        },
        {
          "type": "icon",
          "assetId": "IpfWCipl3nt8BwG",
          "checksum": "de3e20efa24d3c6fc834f7222ec3290f"
        },
        {
          "type": "icon",
          "assetId": "fcss5c0p1zUx9hI",
          "checksum": "9eff8a617016c14475fcef1ce7ffd7b4"
        },
        {
          "type": "icon",
          "assetId": "z4DYQlT4nxLb-za",
          "checksum": "93bde60401f2124c642aec97b2046381"
        },
        {
          "type": "icon",
          "assetId": "VQCOoIrXzSjv7Dt",
          "checksum": "199748f3c87627325dcc59e5338490e0"
        },
        {
          "type": "icon",
          "assetId": "emtqyfARhBfP46k",
          "checksum": "1bfef641579857efbb2501aa63c16135"
        },
        {
          "type": "icon",
          "assetId": "izf9GDeCX27CKiB",
          "checksum": "c19ec9c1d8a525816ea57ad6746e8a1b"
        },
        {
          "type": "icon",
          "assetId": "bPiQEL1DrsFbzIl",
          "checksum": "a703756bfd7389a93e1ba027abd03ece"
        },
        {
          "type": "icon",
          "assetId": "xCdbVLkeORiSXm_",
          "checksum": "ea1de3e1ea58280203c28013029fb959"
        },
        {
          "type": "icon",
          "assetId": "7SLT_808ghx8V9D",
          "checksum": "03cee03ff5ae44a43d7fa0337c9f92f7"
        },
        {
          "type": "icon",
          "assetId": "4-u7KZd4rE8qj8r",
          "checksum": "9ca98e3db3bbc90ba3b1e91c501a6cb4"
        },
        {
          "type": "icon",
          "assetId": "QixDF342U-aaImx",
          "checksum": "a6c467f6a6d8b1c92f89080ddc639bcb"
        },
        {
          "type": "icon",
          "assetId": "TYqnAvm2uQevmre",
          "checksum": "4c899ed791853e8826dbbd3df7ed6f0a"
        },
        {
          "type": "icon",
          "assetId": "u6_e4g5xewTkQ2x",
          "checksum": "4914015435ba1d32bc4a8a608d75576d"
        },
        {
          "type": "icon",
          "assetId": "lESm7K4kpvTvrPw",
          "checksum": "6f9dc3c8b784fa25cf31627cf666a911"
        },
        {
          "type": "image",
          "assetId": "jHS_VjdyxEConY",
          "checksum": "0f5c749f5987411c8552ec78bcdf9b5f"
        },
        {
          "type": "image",
          "assetId": "m_S2L5aiuwgs5M",
          "checksum": "8729b736c10d584224066a5795cf793e"
        },
        {
          "type": "image",
          "assetId": "G1j5z8nR3GHs-n",
          "checksum": "abc19dd4638c1ac9a2522f6c960b9089"
        },
        {
          "type": "image",
          "assetId": "aVnm7fey-yVewN",
          "checksum": "6f838f7ae128bb234693dab06ef2fa34"
        },
        {
          "type": "image",
          "assetId": "_MUx6vu96kt1BR",
          "checksum": "6921f20321b348b3db45eb97596ad6c3"
        },
        {
          "type": "image",
          "assetId": "hhjQTKpFUGgn4R",
          "checksum": "643202a908f124a7b6f84a7439191e12"
        },
        {
          "type": "image",
          "assetId": "UcxMZtV94GTxev",
          "checksum": "6ee3d6d84d3a7a042800d9da1cf11f19"
        },
        {
          "type": "image",
          "assetId": "FnsJKqDTWkAmPP",
          "checksum": "73e39cbc90e01d030a2a0e10a27e0c17"
        },
        {
          "type": "image",
          "assetId": "_dqMxEMdT3m0Zp",
          "checksum": "400bbd467bba460cb76f4c0bf2551c2c"
        },
        {
          "type": "image",
          "assetId": "bCpxcO_Qj0vtrX",
          "checksum": "fd888cb6ac48601e320c5d245395946d"
        },
        {
          "type": "image",
          "assetId": "-fE4dzSuYfipNd",
          "checksum": "58417433f2caca26c825759931b7c8f2"
        },
        {
          "type": "image",
          "assetId": "tlmUL_DL35LHdL",
          "checksum": "b824a71b5c8e2bcc925635f277ae9490"
        },
        {
          "type": "image",
          "assetId": "xOhUYPYTAciI0j",
          "checksum": "26f6082763a7f6dd01f04e46c60a5b9d"
        },
        {
          "type": "image",
          "assetId": "1RCGXdhOIuUTUD",
          "checksum": "d8a7cfe83167ed56c7c25fa4c86b8bc7"
        },
        {
          "type": "image",
          "assetId": "VqmyH9W1jVdamX",
          "checksum": "699c8055e7e72516c6ab85545bc6d734"
        },
        {
          "type": "image",
          "assetId": "0mWnC1rY8iXBO3",
          "checksum": "853df114ead4ba91bd965114807084e8"
        },
        {
          "type": "image",
          "assetId": "yXAEBPeZtnCEp5",
          "checksum": "6f9fd102ae0cc3ac565ba8993758e441"
        },
        {
          "type": "image",
          "assetId": "3PI5or19X2fgwQ",
          "checksum": "d8da2b66b2304a0dfd246ab8e2969fb0"
        },
        {
          "type": "image",
          "assetId": "_KmmOVJvlufoMv",
          "checksum": "c15cfac4f9f792bde1b983125cbc27c8"
        },
        {
          "type": "image",
          "assetId": "moHVLowepYCKdC",
          "checksum": "05ce11ac521b4d95573cf2abed6cd4b3"
        },
        {
          "type": "image",
          "assetId": "QGAlpawi2SLAZB",
          "checksum": "18f68bcd04fabe8214c43370f1bff49f"
        },
        {
          "type": "image",
          "assetId": "h7QqJaPyxNjTWB",
          "checksum": "4c0174a4de2a11324ce347a85fb3bbd0"
        },
        {
          "type": "image",
          "assetId": "m75_e_0m_Oe6GV",
          "checksum": "a3b12a105fbebd38cf70030a23b6b99a"
        },
        {
          "type": "image",
          "assetId": "gnLc45v0_dMY92",
          "checksum": "aeee4ec26b608f1347cc90f58235d70e"
        },
        {
          "type": "image",
          "assetId": "HfWr2XSrtKXbjn",
          "checksum": "fb0d40803b8e15e0367c966893cf6f7e"
        },
        {
          "type": "image",
          "assetId": "Zb_gcWELfJkBq_",
          "checksum": "2e3bd6555ab2b4ae408a0256e01e2d63"
        },
        {
          "type": "image",
          "assetId": "CkZXDRuDrTIbht",
          "checksum": "5ca04347a3e02f2ff40d16afd1a91fd8"
        },
        {
          "type": "image",
          "assetId": "dpEj3vdFe8j9HN",
          "checksum": "3410b45a6b4fa11d6c7177e2659f1848"
        },
        {
          "type": "image",
          "assetId": "m88thK3aj8zhkY",
          "checksum": "8df15c91716f797addbda92fe1e19ab8"
        },
        {
          "type": "image",
          "assetId": "6sJM8k5gyjU0gT",
          "checksum": "5900029735fd709f063af4de77fe6619"
        },
        {
          "type": "image",
          "assetId": "BmikboXGbPIrLK",
          "checksum": "409535c053a2290e1821e1ef8356d895"
        },
        {
          "type": "image",
          "assetId": "YjaNoI6L4mDNpv",
          "checksum": "a5dd942645f1e71c8441e761e5028c8e"
        },
        {
          "type": "image",
          "assetId": "NzVuPceDBZsyiV",
          "checksum": "c666c655c569f70534d7992866901e27"
        },
        {
          "type": "image",
          "assetId": "oowSnU_pUUIPyv",
          "checksum": "e3eac60c73f8500f7b804528d7e33982"
        },
        {
          "type": "image",
          "assetId": "HG937F8AUgqctc",
          "checksum": "1931c13c51ccf767d83a824054a0b6d1"
        },
        {
          "type": "image",
          "assetId": "Klhj9POFXi4waG",
          "checksum": "fd530e5b97eddb8961c0dea99437e0eb"
        },
        {
          "type": "image",
          "assetId": "runwqxkw22hoXa",
          "checksum": "5f475131c18e9a913d6831f964929feb"
        },
        {
          "type": "image",
          "assetId": "q5Iw2ELf7z9tYt",
          "checksum": "8a2ab797bae4d757ed5ddb5e41b8bb4e"
        },
        {
          "type": "image",
          "assetId": "GMuebqKDJP_VwQ",
          "checksum": "90894e1b91ccdf4d29be69009529d22b"
        },
        {
          "type": "image",
          "assetId": "DzK8pcFOIdxlNc",
          "checksum": "7319e4833cb9e3ad387b77b4b392768c"
        },
        {
          "type": "image",
          "assetId": "7yHTLLX1dOf8BG",
          "checksum": "f2472b6b327b95378af922efe83f88a9"
        },
        {
          "type": "image",
          "assetId": "g7HvURKuHyez_X",
          "checksum": "cd44e706173dc771a60c664ccaeb1c69"
        },
        {
          "type": "image",
          "assetId": "Ncay4WNxxVYrBI",
          "checksum": "76b98e6a1ea44c9583e045170bbfd515"
        },
        {
          "type": "image",
          "assetId": "7zNzCkxnEP-1FR",
          "checksum": "6d52ba5a0fc7ab84b72312df5a5139d6"
        },
        {
          "type": "image",
          "assetId": "6TefrRkOzFP7rx",
          "checksum": "1b71f7782abbe28b1cedd163c5068f0c"
        },
        {
          "type": "image",
          "assetId": "WKrUAVJ6ERkibK",
          "checksum": "0f2223e27d62cf92b92cec4db81ba665"
        },
        {
          "type": "image",
          "assetId": "EmIfyRDSy61se7",
          "checksum": "776e696a663355263259e6ccbdd3ec26"
        },
        {
          "type": "image",
          "assetId": "L9OMA07UXnv7WD",
          "checksum": "7a39bf01901da8b6f2e7b823760d3b67"
        },
        {
          "type": "image",
          "assetId": "nL6T8_IBrlMJvj",
          "checksum": "e545700958ec19b121269c0a972ab049"
        },
        {
          "type": "image",
          "assetId": "W9ZJpoKR5hpPdt",
          "checksum": "e12396f5a65f3d856b0e5c6391b3658c"
        },
        {
          "type": "image",
          "assetId": "yg3dA83Gp_amkk",
          "checksum": "5993a210e115212aa8976c1a7c737c25"
        },
        {
          "type": "image",
          "assetId": "LAZqXvypELhqZ0",
          "checksum": "b3d1f8456ad9cf5e071306aa4b28e3bd"
        },
        {
          "type": "image",
          "assetId": "AXi-c_KGKTouhR",
          "checksum": "37c002b619141a03e652ea8ee54aeb6a"
        },
        {
          "type": "image",
          "assetId": "fkBAFS2Cl3pLKk",
          "checksum": "47cfcbcc824df85bc304c6301c58f943"
        },
        {
          "type": "image",
          "assetId": "Wx9B9CY93E8xzd",
          "checksum": "368e5f3eb981c238a4c76e0b87ec040f"
        },
        {
          "type": "image",
          "assetId": "0C5IAN0uhfhOVG",
          "checksum": "8bba85e0e1ae58f33463ecf1583effec"
        },
        {
          "type": "image",
          "assetId": "I0KyPO8iGi7tG3",
          "checksum": "bd98f5cf5d1f08d13760779452107db6"
        },
        {
          "type": "image",
          "assetId": "9Y8SSSkiXI_Wp8",
          "checksum": "80d6936e437c4bd43e47110289743fd1"
        },
        {
          "type": "image",
          "assetId": "XItXuQTeP4d_EG",
          "checksum": "d37eb31f3d2d86fc3979b8fa4c958779"
        },
        {
          "type": "image",
          "assetId": "Ab9fWiiK-v4bTP",
          "checksum": "e40737e0c83728ceb2460e46f437a04a"
        },
        {
          "type": "image",
          "assetId": "49kh1kMdUlNUZ3",
          "checksum": "a7323220d8554892715fd0ddc03c9c5f"
        },
        {
          "type": "image",
          "assetId": "oHgLqPrKzSivkI",
          "checksum": "baa0efa5eef03a8b043c3d524e86928d"
        },
        {
          "type": "image",
          "assetId": "RWT_Mgh7Wj6HyI",
          "checksum": "12e0b3437f88ffee713ca44ae3306696"
        },
        {
          "type": "image",
          "assetId": "ah7PU4QsyFsIO_",
          "checksum": "8e9c7e431399db68c8eb1e4bf64a19e2"
        },
        {
          "type": "image",
          "assetId": "wVScGk6VY4v-MP",
          "checksum": "cae0829d1e9784b86f95029354421371"
        },
        {
          "type": "image",
          "assetId": "XwxbZbGpzP__-j",
          "checksum": "702121bb7cf2dfd92fc1177e126fd127"
        },
        {
          "type": "image",
          "assetId": "xm4nMcHuC8fHFn",
          "checksum": "1629bf5fe5807beb013c8bcca3480c84"
        },
        {
          "type": "image",
          "assetId": "u0n3EAdc4vRn-k",
          "checksum": "b46a31a96b2cf92f72d1f97dc1d48cfc"
        },
        {
          "type": "image",
          "assetId": "yuo2pKinrGj5lp",
          "checksum": "3577919a49d05877692a63d3880bfc59"
        },
        {
          "type": "image",
          "assetId": "vkCyLhiNHXsaIb",
          "checksum": "0dbc74f4c926fda51b0b90489fa06f22"
        },
        {
          "type": "image",
          "assetId": "yuvu0NNZyx8CmP",
          "checksum": "07d0edc52255cf6e2c2f6226a31f4093"
        },
        {
          "type": "image",
          "assetId": "HC4bAp9nKPev2_U",
          "checksum": "1c3f85ae339402824325b34ff44c72d3"
        },
        {
          "type": "image",
          "assetId": "rQm4CoU46TY5oWE",
          "checksum": "e86e3884db0187ff4cfb854c86f76d4e"
        },
        {
          "type": "image",
          "assetId": "XwJqJ0E5s6K0B49",
          "checksum": "1cd5b44ae5abfca9d9554dcab9f13009"
        },
        {
          "type": "image",
          "assetId": "Rc48EDdsnAd5etu",
          "checksum": "844bd292d51ff460b2ca2fd4d5ddda52"
        },
        {
          "type": "image",
          "assetId": "-CKBnzxExcLAuov",
          "checksum": "5e3acd96b6b6ca6038d86b0c2025f27f"
        },
        {
          "type": "image",
          "assetId": "ZyVJqqohQjZiBze",
          "checksum": "12017cf16ac1413261fb7726bd2a0f62"
        },
        {
          "type": "image",
          "assetId": "iSK-6a3nUQ-yLlk",
          "checksum": "7ff1d1577ef15e9ab4c8c0cf66662702"
        },
        {
          "type": "image",
          "assetId": "VxAiF_bxLd1lEEV",
          "checksum": "1f2607f78ea1d5e00db1dd356bd5dc8d"
        },
        {
          "type": "image",
          "assetId": "ogZWUuJSg9t5mDn",
          "checksum": "88b6e2b26688ffe295839965e8810a78"
        },
        {
          "type": "image",
          "assetId": "qj83eB5Me6zvwih",
          "checksum": "3aedfc8753a6443324c8e17c8f25e124"
        },
        {
          "type": "image",
          "assetId": "69D_bSFHmLteAwh",
          "checksum": "6b238418f51c5a5afb2be48228567975"
        },
        {
          "type": "image",
          "assetId": "exTY2377b0LsFzY",
          "checksum": "42ea4918dc388eab388001add6749a54"
        },
        {
          "type": "image",
          "assetId": "PW5w8FzeG4-peQD",
          "checksum": "af174696e48141c1f26c8a9a6baa119a"
        },
        {
          "type": "image",
          "assetId": "MPmP7uJXLpEDBNi",
          "checksum": "e8736f7a17fc72bd57e658aadd2208d8"
        },
        {
          "type": "image",
          "assetId": "2qt0tw_ih-H98Bq",
          "checksum": "0af60eb2aa3c9e096f2c7a5d1e80d660"
        },
        {
          "type": "image",
          "assetId": "kbw_cIJs7W6fLvG",
          "checksum": "dcf79ee12052034d36e684b6570def40"
        },
        {
          "type": "image",
          "assetId": "wZM7myPesh_UvKQ",
          "checksum": "63fe94f8b72f24ab8981697e2d9f8e1e"
        },
        {
          "type": "image",
          "assetId": "YSYMl-QRRiVPMw0",
          "checksum": "0cd3e9cec065eb5e76ff06aa4ee64443"
        },
        {
          "type": "image",
          "assetId": "qy8J5qjhq5K0wEA",
          "checksum": "b2eb4e79a4ac4b6c3ba9d7d55287eef4"
        },
        {
          "type": "image",
          "assetId": "h7_VEarsLZt8LuD",
          "checksum": "5e4a66483086b0d6ad0fb1f860955f8d"
        },
        {
          "type": "image",
          "assetId": "8sT4p47R2GZKAiD",
          "checksum": "e0cc715de9895975c60b638c4c708285"
        },
        {
          "type": "image",
          "assetId": "0jvsNjqH5sTlBpA",
          "checksum": "c3f39476c258dd26a1a46c0fc0895c1a"
        },
        {
          "type": "image",
          "assetId": "2yLnN5PlinO5gx0",
          "checksum": "a13629830671e4518242c78179d0f754"
        },
        {
          "type": "image",
          "assetId": "56ujCkxzDs9qTMF",
          "checksum": "c7969ef7f5e1e9d650dc88d5ce3319cb"
        },
        {
          "type": "image",
          "assetId": "nfOgfyddtqrUDBU",
          "checksum": "b35a6ad12082d06ee04a9e0c290e6294"
        },
        {
          "type": "image",
          "assetId": "h7MCLHyfc9pgKJG",
          "checksum": "29ea8d551ebfc4c47f652e1d6a7663d1"
        },
        {
          "type": "image",
          "assetId": "UTKnkhDOOVWavpU",
          "checksum": "13714efd9d960b890291f0a11bac9b2d"
        },
        {
          "type": "image",
          "assetId": "VDvtq9xmX2vQRV0",
          "checksum": "83d421543e60581a428200dfcccc5fb9"
        },
        {
          "type": "image",
          "assetId": "qJxyyJF33dlt24N",
          "checksum": "1c7206e3a4172fa2b5359564f7f97e2e"
        },
        {
          "type": "image",
          "assetId": "mLwNAGhsQEnM8Sf",
          "checksum": "31aece60a860db10d0572bc8f28ab901"
        },
        {
          "type": "image",
          "assetId": "UGL0fdjEYCyUoh9",
          "checksum": "5ed83dc0f8953b739b8ae55576ffcf84"
        },
        {
          "type": "image",
          "assetId": "iTkNsustDakpyuT",
          "checksum": "c675386401d47e13a696ddaadc935451"
        },
        {
          "type": "image",
          "assetId": "mZ7XPo9-_sW0-F0",
          "checksum": "52f8fee9e7fab6ba28c75465fe23e3cd"
        },
        {
          "type": "image",
          "assetId": "31msTsq9rOvAHMZ",
          "checksum": "bde7897f4ed59fa05be0f4a2eec43dec"
        },
        {
          "type": "image",
          "assetId": "e1A8X6dA8z9MAqE",
          "checksum": "18385bdb0d59d64096dedcf43de6f97d"
        },
        {
          "type": "image",
          "assetId": "npcDrYpqqbPJMIq",
          "checksum": "bf54009e79e661976c25b339003fc33a"
        },
        {
          "type": "image",
          "assetId": "cDtJ3xm3IXyxMpS",
          "checksum": "840694bb23322e443ddc22ce8fe9e2b5"
        },
        {
          "type": "image",
          "assetId": "pr1FLE2TZPCEE94",
          "checksum": "bc9270c3fca524df319b58b21d22e3fd"
        },
        {
          "type": "image",
          "assetId": "mC9xYfYsAb6VasU",
          "checksum": "417ea7e6253c1c980764d4911a1d8367"
        },
        {
          "type": "image",
          "assetId": "ekSMeEI3Oob_vEg",
          "checksum": "f25f0e070937c1a8a348d63850c968a8"
        },
        {
          "type": "image",
          "assetId": "ubJ4sh3nJYufXoH",
          "checksum": "f10129acdde8dd23e0b6406fb168219a"
        },
        {
          "type": "image",
          "assetId": "RC5byhAo3Hq6rlB",
          "checksum": "8c7bd61291ca5bffba3d3f091c728880"
        },
        {
          "type": "image",
          "assetId": "AQZgj2pUTNC6Nav",
          "checksum": "3292f1b6c228aad9bf13c3a32a601702"
        },
        {
          "type": "image",
          "assetId": "U-VvxaNvcaJZjWD",
          "checksum": "044cc1b7d73edc21107575c6bc60b4e8"
        },
        {
          "type": "image",
          "assetId": "d1QGSVcOqEjfRht",
          "checksum": "29b6b3fe8d9b951058fe07758007d01b"
        },
        {
          "type": "image",
          "assetId": "KLse3_aWTtndwdk",
          "checksum": "fb77e5994eff870f6e876959553d813c"
        },
        {
          "type": "image",
          "assetId": "CpPijJuDlKzPHld",
          "checksum": "57908981e44540ac1f43ced5a40cdbef"
        },
        {
          "type": "image",
          "assetId": "iQMcRStEbIYGTiQ",
          "checksum": "d87d8518e7376c4bbb0334e8b828cc27"
        },
        {
          "type": "image",
          "assetId": "lpJdV3iErD8ucjw",
          "checksum": "274735b32735352526244455bb6dd8ac"
        },
        {
          "type": "image",
          "assetId": "u1KNQ6_BApISmhH",
          "checksum": "f5551d4c67fd207e3fc73ab0b5052985"
        },
        {
          "type": "image",
          "assetId": "-HyI-KExYybVoSQ",
          "checksum": "a9fb48b94509fbabe1d415ac6fa2e71e"
        },
        {
          "type": "image",
          "assetId": "YQjlTtVrckhfsgd",
          "checksum": "d99d23fa2d38866b36aa4e63b7971e82"
        },
        {
          "type": "image",
          "assetId": "YxTrqg4CRFVsDdu",
          "checksum": "84a38fa8fa74c6daa7d1d3854a4829c9"
        },
        {
          "type": "image",
          "assetId": "ZeHufYiciaqljXV",
          "checksum": "3be981c5caab47a03479c705a0aa8456"
        },
        {
          "type": "image",
          "assetId": "Bkb7dS-czVuFdPp",
          "checksum": "2fb49071b265f1bbc67eaa2d97ade3e3"
        },
        {
          "type": "image",
          "assetId": "EZtPLqHZvszuTPI",
          "checksum": "095a3bb91d1a2fe998647625e43a5672"
        },
        {
          "type": "image",
          "assetId": "u7Eey-Lbq8zHJZf",
          "checksum": "8fb8dba8b9b50dc8b2bf60ea9748aa5d"
        },
        {
          "type": "image",
          "assetId": "BuVN6tWJmWCZ8wI",
          "checksum": "1c795ee901a4743037aa67e2854fa1ca"
        },
        {
          "type": "image",
          "assetId": "3xj0RndX1cBIkdM",
          "checksum": "ec6242d22ed48ca19e2fa06b0fca2c3e"
        },
        {
          "type": "image",
          "assetId": "j6bmFLKfsm3Gn0-",
          "checksum": "401beebc9fe9893f08dbe009a4c5af4d"
        },
        {
          "type": "image",
          "assetId": "5sB_QJgXwWCEFP_",
          "checksum": "b01ba1e04032a6d7796ebc7dec2008c9"
        },
        {
          "type": "image",
          "assetId": "_0aAGfZATiRHmNM",
          "checksum": "d8f159ff55db73c438cf14dd5ca21af2"
        },
        {
          "type": "image",
          "assetId": "Yw2eVNISKOmB9zS",
          "checksum": "39c278f38c07af3ff557033e395f7a5e"
        },
        {
          "type": "image",
          "assetId": "bNeoTS01JytI0p3",
          "checksum": "05cbab74f1ff2c9dc543dfc16c0076e7"
        },
        {
          "type": "image",
          "assetId": "LYXsgIT5fcRLrKj",
          "checksum": "ee3cad9fb247fbd8a9f27f4bfd57e04c"
        },
        {
          "type": "image",
          "assetId": "xbZa9HsxpaUeOTe",
          "checksum": "84ad3d5172072392a636fac6b0d216fd"
        },
        {
          "type": "image",
          "assetId": "NRb_-111clUBI1x",
          "checksum": "8ae47a79050b8263bdd8fb0c99a153ba"
        },
        {
          "type": "image",
          "assetId": "8iKZxsMQEAs57O_",
          "checksum": "4685afb0567a263cd7c5b378096ca37e"
        },
        {
          "type": "image",
          "assetId": "4ocpDamFq8b-bcn",
          "checksum": "993d7c1305f30b7d8239dd0f1491c827"
        },
        {
          "type": "image",
          "assetId": "gyrTD6mhDBgY3EV",
          "checksum": "6c2acf127da0f4e0d80d30fbf0b61cd7"
        },
        {
          "type": "image",
          "assetId": "LnN1J8cKwBvDor0",
          "checksum": "a54efe6881e713706f4edd6e60c24c8f"
        },
        {
          "type": "image",
          "assetId": "8tXFzc7_MN_he4t",
          "checksum": "dbd0e578c8845558544c3003b164d68a"
        },
        {
          "type": "image",
          "assetId": "kfIIY090y_LOdX8",
          "checksum": "6e05894854b78dffec69953689bb4441"
        },
        {
          "type": "image",
          "assetId": "UuOdgpZH0fBLISa",
          "checksum": "166c8492bdb3899a82ac78523fc369a3"
        },
        {
          "type": "image",
          "assetId": "fqzQrPaSh28KBs3",
          "checksum": "5334f258f89828c62165fcc6028c1437"
        },
        {
          "type": "image",
          "assetId": "C8RVeUJkW1B6HTt",
          "checksum": "908ee6bd26480352daf8b91b86272f76"
        },
        {
          "type": "image",
          "assetId": "kfWYeDY-b_HcJSs",
          "checksum": "e91677db26f6383494ece2fd4615be0d"
        },
        {
          "type": "image",
          "assetId": "E2iJ3m_CFu2DDdD",
          "checksum": "1fb78a84bde435742657f3c1b6a127cd"
        },
        {
          "type": "image",
          "assetId": "imXnbBzu0zxWFuk",
          "checksum": "036c5adbc377e77d255184b7c0c2a4d5"
        },
        {
          "type": "image",
          "assetId": "anAqAk8l9-BALb5",
          "checksum": "0c661c81b2aa7aa06fa25d9218228049"
        }
      ],
      "codegenVersion": "0.0.1"
    }
  ],
  "cliVersion": "0.1.284"
}
